
Microsoft Visual Studio Solution File, Format Version 12.00
# Visual Studio Version 16
VisualStudioVersion = 16.0.30621.155
MinimumVisualStudioVersion = 10.0.40219.1
Project("{9A19103F-16F7-4668-BE54-9A1E7A4F7556}") = "ExtensibleGUI", "ExtensibleGUI\ExtensibleGUI.csproj", "{3E0304D4-4848-4601-9316-1AF60AD700FF}"
EndProject
Project("{9A19103F-16F7-4668-BE54-9A1E7A4F7556}") = "MessageCreator", "MessageCreator\MessageCreator\MessageCreator.csproj", "{4BBCF2CA-83BA-4C02-A94E-DB1D7926BA67}"
EndProject
Project("{9A19103F-16F7-4668-BE54-9A1E7A4F7556}") = "TextAdding", "TextAdding\TextAdding\TextAdding.csproj", "{5855FC3F-D832-4E22-BA0C-CA8442FC6F7A}"
EndProject
Project("{9A19103F-16F7-4668-BE54-9A1E7A4F7556}") = "TextArea", "TextArea\TextArea\TextArea.csproj", "{B138F6F3-4061-479D-9ED2-046D196FC33B}"
EndProject
Project("{FAE04EC0-301F-11D3-BF4B-00C04F79EFBC}") = "AttributesLib", "AttributesLib\AttributesLib\AttributesLib\AttributesLib.csproj", "{63F5F7EC-BD06-409E-94BE-79E50EA0B6EC}"
EndProject
Global
	GlobalSection(SolutionConfigurationPlatforms) = preSolution
		Debug|Any CPU = Debug|Any CPU
		Release|Any CPU = Release|Any CPU
	EndGlobalSection
	GlobalSection(ProjectConfigurationPlatforms) = postSolution
		{3E0304D4-4848-4601-9316-1AF60AD700FF}.Debug|Any CPU.ActiveCfg = Debug|Any CPU
		{3E0304D4-4848-4601-9316-1AF60AD700FF}.Debug|Any CPU.Build.0 = Debug|Any CPU
		{3E0304D4-4848-4601-9316-1AF60AD700FF}.Release|Any CPU.ActiveCfg = Release|Any CPU
		{3E0304D4-4848-4601-9316-1AF60AD700FF}.Release|Any CPU.Build.0 = Release|Any CPU
		{4BBCF2CA-83BA-4C02-A94E-DB1D7926BA67}.Debug|Any CPU.ActiveCfg = Debug|Any CPU
		{4BBCF2CA-83BA-4C02-A94E-DB1D7926BA67}.Debug|Any CPU.Build.0 = Debug|Any CPU
		{4BBCF2CA-83BA-4C02-A94E-DB1D7926BA67}.Release|Any CPU.ActiveCfg = Release|Any CPU
		{4BBCF2CA-83BA-4C02-A94E-DB1D7926BA67}.Release|Any CPU.Build.0 = Release|Any CPU
		{5855FC3F-D832-4E22-BA0C-CA8442FC6F7A}.Debug|Any CPU.ActiveCfg = Debug|Any CPU
		{5855FC3F-D832-4E22-BA0C-CA8442FC6F7A}.Debug|Any CPU.Build.0 = Debug|Any CPU
		{5855FC3F-D832-4E22-BA0C-CA8442FC6F7A}.Release|Any CPU.ActiveCfg = Release|Any CPU
		{5855FC3F-D832-4E22-BA0C-CA8442FC6F7A}.Release|Any CPU.Build.0 = Release|Any CPU
		{B138F6F3-4061-479D-9ED2-046D196FC33B}.Debug|Any CPU.ActiveCfg = Debug|Any CPU
		{B138F6F3-4061-479D-9ED2-046D196FC33B}.Debug|Any CPU.Build.0 = Debug|Any CPU
		{B138F6F3-4061-479D-9ED2-046D196FC33B}.Release|Any CPU.ActiveCfg = Release|Any CPU
		{B138F6F3-4061-479D-9ED2-046D196FC33B}.Release|Any CPU.Build.0 = Release|Any CPU
		{63F5F7EC-BD06-409E-94BE-79E50EA0B6EC}.Debug|Any CPU.ActiveCfg = Debug|Any CPU
		{63F5F7EC-BD06-409E-94BE-79E50EA0B6EC}.Debug|Any CPU.Build.0 = Debug|Any CPU
		{63F5F7EC-BD06-409E-94BE-79E50EA0B6EC}.Release|Any CPU.ActiveCfg = Release|Any CPU
		{63F5F7EC-BD06-409E-94BE-79E50EA0B6EC}.Release|Any CPU.Build.0 = Release|Any CPU
	EndGlobalSection
	GlobalSection(SolutionProperties) = preSolution
		HideSolutionNode = FALSE
	EndGlobalSection
	GlobalSection(ExtensibilityGlobals) = postSolution
		SolutionGuid = {ABF5897F-73EB-4DA5-AD79-5415945ABB37}
	EndGlobalSection
EndGlobal
