
Microsoft Visual Studio Solution File, Format Version 12.00
# Visual Studio Version 16
VisualStudioVersion = 16.0.30621.155
MinimumVisualStudioVersion = 10.0.40219.1
Project("{FAE04EC0-301F-11D3-BF4B-00C04F79EFBC}") = "AttributesLib", "AttributesLib\AttributesLib.csproj", "{63F5F7EC-BD06-409E-94BE-79E50EA0B6EC}"
EndProject
Global
	GlobalSection(SolutionConfigurationPlatforms) = preSolution
		Debug|Any CPU = Debug|Any CPU
		Release|Any CPU = Release|Any CPU
	EndGlobalSection
	GlobalSection(ProjectConfigurationPlatforms) = postSolution
		{63F5F7EC-BD06-409E-94BE-79E50EA0B6EC}.Debug|Any CPU.ActiveCfg = Debug|Any CPU
		{63F5F7EC-BD06-409E-94BE-79E50EA0B6EC}.Debug|Any CPU.Build.0 = Debug|Any CPU
		{63F5F7EC-BD06-409E-94BE-79E50EA0B6EC}.Release|Any CPU.ActiveCfg = Release|Any CPU
		{63F5F7EC-BD06-409E-94BE-79E50EA0B6EC}.Release|Any CPU.Build.0 = Release|Any CPU
	EndGlobalSection
	GlobalSection(SolutionProperties) = preSolution
		HideSolutionNode = FALSE
	EndGlobalSection
	GlobalSection(ExtensibilityGlobals) = postSolution
		SolutionGuid = {F30ACBBF-2F00-4987-9DED-822B416A0770}
	EndGlobalSection
EndGlobal
